Microsoft Visual Studio Solution File, Format Version 11.00
# Visual Studio 2008

Project("{40F25A7D-8842-21F8-1330-0AEF7B5A89B2}") = "GatoNeisa_Nivel_4", "Assembly-CSharp.csproj", "{6E54F1CD-9562-6B65-29A6-0547FADC8C0B}"
EndProject
Global
	GlobalSection(SolutionConfigurationPlatforms) = preSolution
		Debug|Any CPU = Debug|Any CPU
		Release|Any CPU = Release|Any CPU
	EndGlobalSection
	GlobalSection(ProjectConfigurationPlatforms) = postSolution
		{6E54F1CD-9562-6B65-29A6-0547FADC8C0B}.Debug|Any CPU.ActiveCfg = Debug|Any CPU
		{6E54F1CD-9562-6B65-29A6-0547FADC8C0B}.Debug|Any CPU.Build.0 = Debug|Any CPU
		{6E54F1CD-9562-6B65-29A6-0547FADC8C0B}.Release|Any CPU.ActiveCfg = Release|Any CPU
		{6E54F1CD-9562-6B65-29A6-0547FADC8C0B}.Release|Any CPU.Build.0 = Release|Any CPU
	EndGlobalSection
	GlobalSection(SolutionProperties) = preSolution
		HideSolutionNode = FALSE
	EndGlobalSection
	GlobalSection(MonoDevelopProperties) = preSolution
		StartupItem = Assembly-CSharp.csproj
	EndGlobalSection
EndGlobal
